
Microsoft Visual Studio Solution File, Format Version 12.00
# Visual Studio Version 16
VisualStudioVersion = 16.0.29609.76
MinimumVisualStudioVersion = 10.0.40219.1
Project("{FAE04EC0-301F-11D3-BF4B-00C04F79EFBC}") = "HW11", "HW11\HW11.csproj", "{D3DBD080-10EA-4FF0-8E3F-DBA4E8295EE8}"
EndProject
Global
	GlobalSection(SolutionConfigurationPlatforms) = preSolution
		Debug|Any CPU = Debug|Any CPU
		Release|Any CPU = Release|Any CPU
	EndGlobalSection
	GlobalSection(ProjectConfigurationPlatforms) = postSolution
		{D3DBD080-10EA-4FF0-8E3F-DBA4E8295EE8}.Debug|Any CPU.ActiveCfg = Debug|Any CPU
		{D3DBD080-10EA-4FF0-8E3F-DBA4E8295EE8}.Debug|Any CPU.Build.0 = Debug|Any CPU
		{D3DBD080-10EA-4FF0-8E3F-DBA4E8295EE8}.Release|Any CPU.ActiveCfg = Release|Any CPU
		{D3DBD080-10EA-4FF0-8E3F-DBA4E8295EE8}.Release|Any CPU.Build.0 = Release|Any CPU
	EndGlobalSection
	GlobalSection(SolutionProperties) = preSolution
		HideSolutionNode = FALSE
	EndGlobalSection
	GlobalSection(ExtensibilityGlobals) = postSolution
		SolutionGuid = {FE395E4F-CC73-4722-A78F-6B52FCE7B0B3}
	EndGlobalSection
EndGlobal
